Microsoft Visual Studio Solution File, Format Version 12.00
# Visual Studio Version 17
VisualStudioVersion = 17.0.31903.59
MinimumVisualStudioVersion = 10.0.40219.1
Project("{FAE04EC0-301F-11D3-BF4B-00C04F79EFBC}") = "Compost.Web", "src\Compost.Web\Compost.Web.csproj", "{A1B2C3D4-E5F6-4A5B-8C9D-0E1F2A3B4C5D}"
EndProject
Project("{FAE04EC0-301F-11D3-BF4B-00C04F79EFBC}") = "Compost.Core", "src\Compost.Core\Compost.Core.csproj", "{B2C3D4E5-F6A7-5B6C-9D0E-1F2A3B4C5D6E}"
EndProject
Project("{2150E333-8FDC-42A3-9474-1A3956D46DE8}") = "Modules", "Modules", "{34EBA679-F9EF-4C68-8945-503434DAE1AE}"
EndProject
Project("{FAE04EC0-301F-11D3-BF4B-00C04F79EFBC}") = "Compost.Snippets", "src\Modules\Compost.Snippets\Compost.Snippets.csproj", "{D90416E5-E87D-4672-A675-2A32358018E2}"
EndProject
Project("{FAE04EC0-301F-11D3-BF4B-00C04F79EFBC}") = "Compost.Patterns", "src\Modules\Compost.Patterns\Compost.Patterns.csproj", "{C181AF5C-3C37-48E8-8DDC-E7E6DFBD3338}"
EndProject
Project("{FAE04EC0-301F-11D3-BF4B-00C04F79EFBC}") = "Compost.Transcription", "src\Modules\Compost.Transcription\Compost.Transcription.csproj", "{E09D6142-9723-4B08-BD5D-093637F52BED}"
EndProject
Project("{FAE04EC0-301F-11D3-BF4B-00C04F79EFBC}") = "Compost.Kanban", "src\Modules\Compost.Kanban\Compost.Kanban.csproj", "{3F638646-1AFF-45A4-B5C6-3A1F8DEF0EF0}"
EndProject
Project("{FAE04EC0-301F-11D3-BF4B-00C04F79EFBC}") = "Compost.Contexts", "src\Modules\Compost.Contexts\Compost.Contexts.csproj", "{E09FC2B3-6087-4D40-B804-E010A25726BF}"
EndProject
Project("{FAE04EC0-301F-11D3-BF4B-00C04F79EFBC}") = "Compost.MindMap", "src\Modules\Compost.MindMap\Compost.MindMap.csproj", "{78394C96-BD77-42A4-A626-B6888AC7E599}"
EndProject
Project("{FAE04EC0-301F-11D3-BF4B-00C04F79EFBC}") = "Compost.Analytics", "src\Modules\Compost.Analytics\Compost.Analytics.csproj", "{1E9107EB-C53E-415C-9378-6A6D6E61C3AA}"
EndProject
Project("{FAE04EC0-301F-11D3-BF4B-00C04F79EFBC}") = "Compost.Structure", "src\Modules\Compost.Structure\Compost.Structure.csproj", "{6C4CC610-6D66-4560-A263-7087BA100DD4}"
EndProject
Global
	GlobalSection(SolutionConfigurationPlatforms) = preSolution
		Debug|Any CPU = Debug|Any CPU
		Release|Any CPU = Release|Any CPU
	EndGlobalSection
	GlobalSection(ProjectConfigurationPlatforms) = postSolution
		{A1B2C3D4-E5F6-4A5B-8C9D-0E1F2A3B4C5D}.Debug|Any CPU.ActiveCfg = Debug|Any CPU
		{A1B2C3D4-E5F6-4A5B-8C9D-0E1F2A3B4C5D}.Debug|Any CPU.Build.0 = Debug|Any CPU
		{A1B2C3D4-E5F6-4A5B-8C9D-0E1F2A3B4C5D}.Release|Any CPU.ActiveCfg = Release|Any CPU
		{A1B2C3D4-E5F6-4A5B-8C9D-0E1F2A3B4C5D}.Release|Any CPU.Build.0 = Release|Any CPU
		{B2C3D4E5-F6A7-5B6C-9D0E-1F2A3B4C5D6E}.Debug|Any CPU.ActiveCfg = Debug|Any CPU
		{B2C3D4E5-F6A7-5B6C-9D0E-1F2A3B4C5D6E}.Debug|Any CPU.Build.0 = Debug|Any CPU
		{B2C3D4E5-F6A7-5B6C-9D0E-1F2A3B4C5D6E}.Release|Any CPU.ActiveCfg = Release|Any CPU
		{B2C3D4E5-F6A7-5B6C-9D0E-1F2A3B4C5D6E}.Release|Any CPU.Build.0 = Release|Any CPU
		{D90416E5-E87D-4672-A675-2A32358018E2}.Debug|Any CPU.ActiveCfg = Debug|Any CPU
		{D90416E5-E87D-4672-A675-2A32358018E2}.Debug|Any CPU.Build.0 = Debug|Any CPU
		{D90416E5-E87D-4672-A675-2A32358018E2}.Release|Any CPU.ActiveCfg = Release|Any CPU
		{D90416E5-E87D-4672-A675-2A32358018E2}.Release|Any CPU.Build.0 = Release|Any CPU
		{C181AF5C-3C37-48E8-8DDC-E7E6DFBD3338}.Debug|Any CPU.ActiveCfg = Debug|Any CPU
		{C181AF5C-3C37-48E8-8DDC-E7E6DFBD3338}.Debug|Any CPU.Build.0 = Debug|Any CPU
		{C181AF5C-3C37-48E8-8DDC-E7E6DFBD3338}.Release|Any CPU.ActiveCfg = Release|Any CPU
		{C181AF5C-3C37-48E8-8DDC-E7E6DFBD3338}.Release|Any CPU.Build.0 = Release|Any CPU
		{E09D6142-9723-4B08-BD5D-093637F52BED}.Debug|Any CPU.ActiveCfg = Debug|Any CPU
		{E09D6142-9723-4B08-BD5D-093637F52BED}.Debug|Any CPU.Build.0 = Debug|Any CPU
		{E09D6142-9723-4B08-BD5D-093637F52BED}.Release|Any CPU.ActiveCfg = Release|Any CPU
		{E09D6142-9723-4B08-BD5D-093637F52BED}.Release|Any CPU.Build.0 = Release|Any CPU
		{3F638646-1AFF-45A4-B5C6-3A1F8DEF0EF0}.Debug|Any CPU.ActiveCfg = Debug|Any CPU
		{3F638646-1AFF-45A4-B5C6-3A1F8DEF0EF0}.Debug|Any CPU.Build.0 = Debug|Any CPU
		{3F638646-1AFF-45A4-B5C6-3A1F8DEF0EF0}.Release|Any CPU.ActiveCfg = Release|Any CPU
		{3F638646-1AFF-45A4-B5C6-3A1F8DEF0EF0}.Release|Any CPU.Build.0 = Release|Any CPU
		{E09FC2B3-6087-4D40-B804-E010A25726BF}.Debug|Any CPU.ActiveCfg = Debug|Any CPU
		{E09FC2B3-6087-4D40-B804-E010A25726BF}.Debug|Any CPU.Build.0 = Debug|Any CPU
		{E09FC2B3-6087-4D40-B804-E010A25726BF}.Release|Any CPU.ActiveCfg = Release|Any CPU
		{E09FC2B3-6087-4D40-B804-E010A25726BF}.Release|Any CPU.Build.0 = Release|Any CPU
		{78394C96-BD77-42A4-A626-B6888AC7E599}.Debug|Any CPU.ActiveCfg = Debug|Any CPU
		{78394C96-BD77-42A4-A626-B6888AC7E599}.Debug|Any CPU.Build.0 = Debug|Any CPU
		{78394C96-BD77-42A4-A626-B6888AC7E599}.Release|Any CPU.ActiveCfg = Release|Any CPU
		{78394C96-BD77-42A4-A626-B6888AC7E599}.Release|Any CPU.Build.0 = Release|Any CPU
		{1E9107EB-C53E-415C-9378-6A6D6E61C3AA}.Debug|Any CPU.ActiveCfg = Debug|Any CPU
		{1E9107EB-C53E-415C-9378-6A6D6E61C3AA}.Debug|Any CPU.Build.0 = Debug|Any CPU
		{1E9107EB-C53E-415C-9378-6A6D6E61C3AA}.Release|Any CPU.ActiveCfg = Release|Any CPU
		{1E9107EB-C53E-415C-9378-6A6D6E61C3AA}.Release|Any CPU.Build.0 = Release|Any CPU
		{6C4CC610-6D66-4560-A263-7087BA100DD4}.Debug|Any CPU.ActiveCfg = Debug|Any CPU
		{6C4CC610-6D66-4560-A263-7087BA100DD4}.Debug|Any CPU.Build.0 = Debug|Any CPU
		{6C4CC610-6D66-4560-A263-7087BA100DD4}.Release|Any CPU.ActiveCfg = Release|Any CPU
		{6C4CC610-6D66-4560-A263-7087BA100DD4}.Release|Any CPU.Build.0 = Release|Any CPU
	EndGlobalSection
	GlobalSection(NestedProjects) = preSolution
		{D90416E5-E87D-4672-A675-2A32358018E2} = {34EBA679-F9EF-4C68-8945-503434DAE1AE}
		{C181AF5C-3C37-48E8-8DDC-E7E6DFBD3338} = {34EBA679-F9EF-4C68-8945-503434DAE1AE}
		{E09D6142-9723-4B08-BD5D-093637F52BED} = {34EBA679-F9EF-4C68-8945-503434DAE1AE}
		{3F638646-1AFF-45A4-B5C6-3A1F8DEF0EF0} = {34EBA679-F9EF-4C68-8945-503434DAE1AE}
		{E09FC2B3-6087-4D40-B804-E010A25726BF} = {34EBA679-F9EF-4C68-8945-503434DAE1AE}
		{78394C96-BD77-42A4-A626-B6888AC7E599} = {34EBA679-F9EF-4C68-8945-503434DAE1AE}
		{1E9107EB-C53E-415C-9378-6A6D6E61C3AA} = {34EBA679-F9EF-4C68-8945-503434DAE1AE}
		{6C4CC610-6D66-4560-A263-7087BA100DD4} = {34EBA679-F9EF-4C68-8945-503434DAE1AE}
	EndGlobalSection
EndGlobal
